# This file is automatically @generated by Poetry 1.8.2 and should not be changed by hand.

[[package]]
name = "pyrplidar"
version = "0.1.2"
description = "Full-featured python library for Slamtec RPLIDAR series"
optional = false
python-versions = "*"
files = [
    {file = "pyrplidar-0.1.2.tar.gz", hash = "sha256:287857233de113df7d252caf591ad01f270b4306941374b5ad289296847f0906"},
]

[package.dependencies]
pyserial = "*"

[[package]]
name = "pyserial"
version = "3.5"
description = "Python Serial Port Extension"
optional = false
python-versions = "*"
files = [
    {file = "pyserial-3.5-py2.py3-none-any.whl", hash = "sha256:c4451db6ba391ca6ca299fb3ec7bae67a5c55dde170964c7a14ceefec02f2cf0"},
    {file = "pyserial-3.5.tar.gz", hash = "sha256:3c77e014170dfffbd816e6ffc205e9842efb10be9f58ec16d3e8675b4925cddb"},
]

[package.extras]
cp2110 = ["hidapi"]

[metadata]
lock-version = "2.0"
python-versions = "^3.12"
content-hash = "c399243479cc02258047f95f66ea8014e0fa104647eedf86c16ac9c648c0b24f"
